// !$*UTF8*$!
{
	archiveVersion = 1;
	classes = {
	};
	objectVersion = 77;
	objects = {

/* Begin PBXBuildFile section */
		4602CAB730114363001185C9 /* ReceiptParser in Frameworks */ = {isa = PBXBuildFile; productRef = 4602CAB630114363001185C9 /* ReceiptParser */; };
		4602CAB930114363001185C9 /* RevenueCat in Frameworks */ = {isa = PBXBuildFile; productRef = 4602CAB830114363001185C9 /* RevenueCat */; };
		4602CABB30114363001185C9 /* RevenueCatUI in Frameworks */ = {isa = PBXBuildFile; productRef = 4602CABA30114363001185C9 /* RevenueCatUI */; };
		4602CAC930114F62001185C9 /* FirebaseDatabase in Frameworks */ = {isa = PBXBuildFile; productRef = 4602CAC830114F62001185C9 /* FirebaseDatabase */; };
		4602CAF43014EB59001185C9 /* YouTubePlayerKit in Frameworks */ = {isa = PBXBuildFile; productRef = 4602CAF33014EB59001185C9 /* YouTubePlayerKit */; };
		4602DC9130245AF3001185C9 /* UserSpec in Frameworks */ = {isa = PBXBuildFile; productRef = 4602DC9030245AF3001185C9 /* UserSpec */; };
		4602DCB43025880B001185C9 /* NukeUI in Frameworks */ = {isa = PBXBuildFile; productRef = 4602DCB33025880B001185C9 /* NukeUI */; };
/* End PBXBuildFile section */

/* Begin PBXContainerItemProxy section */
		46AEA12B300005C500F05C7B /* PBXContainerItemProxy */ = {
			isa = PBXContainerItemProxy;
			containerPortal = 46AEA113300005C300F05C7B /* Project object */;
			proxyType = 1;
			remoteGlobalIDString = 46AEA11A300005C300F05C7B;
			remoteInfo = Countdown2Binge;
		};
		46AEA135300005C500F05C7B /* PBXContainerItemProxy */ = {
			isa = PBXContainerItemProxy;
			containerPortal = 46AEA113300005C300F05C7B /* Project object */;
			proxyType = 1;
			remoteGlobalIDString = 46AEA11A300005C300F05C7B;
			remoteInfo = Countdown2Binge;
		};
/* End PBXContainerItemProxy section */

/* Begin PBXFileReference section */
		46AEA11B300005C300F05C7B /* Countdown2Binge.app */ = {isa = PBXFileReference; explicitFileType = wrapper.application; includeInIndex = 0; path = Countdown2Binge.app; sourceTree = BUILT_PRODUCTS_DIR; };
		46AEA12A300005C500F05C7B /* Countdown2BingeTests.xctest */ = {isa = PBXFileReference; explicitFileType = wrapper.cfbundle; includeInIndex = 0; path = Countdown2BingeTests.xctest; sourceTree = BUILT_PRODUCTS_DIR; };
		46AEA134300005C500F05C7B /* Countdown2BingeUITests.xctest */ = {isa = PBXFileReference; explicitFileType = wrapper.cfbundle; includeInIndex = 0; path = Countdown2BingeUITests.xctest; sourceTree = BUILT_PRODUCTS_DIR; };
/* End PBXFileReference section */

/* Begin PBXFileSystemSynchronizedBuildFileExceptionSet section */
		46AEA19330000CDB00F05C7B /* Exceptions for "Countdown2Binge" folder in "Countdown2Binge" target */ = {
			isa = PBXFileSystemSynchronizedBuildFileExceptionSet;
			membershipExceptions = (
				Info.plist,
			);
			target = 46AEA11A300005C300F05C7B /* Countdown2Binge */;
		};
/* End PBXFileSystemSynchronizedBuildFileExceptionSet section */

/* Begin PBXFileSystemSynchronizedRootGroup section */
		46AEA11D300005C300F05C7B /* Countdown2Binge */ = {
			isa = PBXFileSystemSynchronizedRootGroup;
			exceptions = (
				46AEA19330000CDB00F05C7B /* Exceptions for "Countdown2Binge" folder in "Countdown2Binge" target */,
			);
			path = Countdown2Binge;
			sourceTree = "<group>";
		};
		46AEA12D300005C500F05C7B /* Countdown2BingeTests */ = {
			isa = PBXFileSystemSynchronizedRootGroup;
			path = Countdown2BingeTests;
			sourceTree = "<group>";
		};
		46AEA137300005C500F05C7B /* Countdown2BingeUITests */ = {
			isa = PBXFileSystemSynchronizedRootGroup;
			path = Countdown2BingeUITests;
			sourceTree = "<group>";
		};
/* End PBXFileSystemSynchronizedRootGroup section */

/* Begin PBXFrameworksBuildPhase section */
		46AEA118300005C300F05C7B /* Frameworks */ = {
			isa = PBXFrameworksBuildPhase;
			buildActionMask = 2147483647;
			files = (
				4602CAB930114363001185C9 /* RevenueCat in Frameworks */,
				4602CAB730114363001185C9 /* ReceiptParser in Frameworks */,
				4602CAF43014EB59001185C9 /* YouTubePlayerKit in Frameworks */,
				4602DCB43025880B001185C9 /* NukeUI in Frameworks */,
				4602CAC930114F62001185C9 /* FirebaseDatabase in Frameworks */,
				4602CABB30114363001185C9 /* RevenueCatUI in Frameworks */,
			);
			runOnlyForDeploymentPostprocessing = 0;
		};
		46AEA127300005C500F05C7B /* Frameworks */ = {
			isa = PBXFrameworksBuildPhase;
			buildActionMask = 2147483647;
			files = (
				4602DC9130245AF3001185C9 /* UserSpec in Frameworks */,
			);
			runOnlyForDeploymentPostprocessing = 0;
		};
		46AEA131300005C500F05C7B /* Frameworks */ = {
			isa = PBXFrameworksBuildPhase;
			buildActionMask = 2147483647;
			files = (
			);
			runOnlyForDeploymentPostprocessing = 0;
		};
/* End PBXFrameworksBuildPhase section */

/* Begin PBXGroup section */
		46AEA112300005C300F05C7B = {
			isa = PBXGroup;
			children = (
				46AEA11D300005C300F05C7B /* Countdown2Binge */,
				46AEA12D300005C500F05C7B /* Countdown2BingeTests */,
				46AEA137300005C500F05C7B /* Countdown2BingeUITests */,
				46AEA11C300005C300F05C7B /* Products */,
			);
			sourceTree = "<group>";
		};
		46AEA11C300005C300F05C7B /* Products */ = {
			isa = PBXGroup;
			children = (
				46AEA11B300005C300F05C7B /* Countdown2Binge.app */,
				46AEA12A300005C500F05C7B /* Countdown2BingeTests.xctest */,
				46AEA134300005C500F05C7B /* Countdown2BingeUITests.xctest */,
			);
			name = Products;
			sourceTree = "<group>";
		};
/* End PBXGroup section */

/* Begin PBXNativeTarget section */
		46AEA11A300005C300F05C7B /* Countdown2Binge */ = {
			isa = PBXNativeTarget;
			buildConfigurationList = 46AEA13E300005C500F05C7B /* Build configuration list for PBXNativeTarget "Countdown2Binge" */;
			buildPhases = (
				46AEA117300005C300F05C7B /* Sources */,
				46AEA118300005C300F05C7B /* Frameworks */,
				46AEA119300005C300F05C7B /* Resources */,
			);
			buildRules = (
			);
			dependencies = (
			);
			fileSystemSynchronizedGroups = (
				46AEA11D300005C300F05C7B /* Countdown2Binge */,
			);
			name = Countdown2Binge;
			packageProductDependencies = (
				4602CAB630114363001185C9 /* ReceiptParser */,
				4602CAB830114363001185C9 /* RevenueCat */,
				4602CABA30114363001185C9 /* RevenueCatUI */,
				4602CAC830114F62001185C9 /* FirebaseDatabase */,
				4602CAF33014EB59001185C9 /* YouTubePlayerKit */,
				4602DCB33025880B001185C9 /* NukeUI */,
			);
			productName = Countdown2Binge;
			productReference = 46AEA11B300005C300F05C7B /* Countdown2Binge.app */;
			productType = "com.apple.product-type.application";
		};
		46AEA129300005C500F05C7B /* Countdown2BingeTests */ = {
			isa = PBXNativeTarget;
			buildConfigurationList = 46AEA141300005C500F05C7B /* Build configuration list for PBXNativeTarget "Countdown2BingeTests" */;
			buildPhases = (
				46AEA126300005C500F05C7B /* Sources */,
				46AEA127300005C500F05C7B /* Frameworks */,
				46AEA128300005C500F05C7B /* Resources */,
			);
			buildRules = (
			);
			dependencies = (
				46AEA12C300005C500F05C7B /* PBXTargetDependency */,
			);
			fileSystemSynchronizedGroups = (
				46AEA12D300005C500F05C7B /* Countdown2BingeTests */,
			);
			name = Countdown2BingeTests;
			packageProductDependencies = (
				4602DC9030245AF3001185C9 /* UserSpec */,
			);
			productName = Countdown2BingeTests;
			productReference = 46AEA12A300005C500F05C7B /* Countdown2BingeTests.xctest */;
			productType = "com.apple.product-type.bundle.unit-test";
		};
		46AEA133300005C500F05C7B /* Countdown2BingeUITests */ = {
			isa = PBXNativeTarget;
			buildConfigurationList = 46AEA144300005C500F05C7B /* Build configuration list for PBXNativeTarget "Countdown2BingeUITests" */;
			buildPhases = (
				46AEA130300005C500F05C7B /* Sources */,
				46AEA131300005C500F05C7B /* Frameworks */,
				46AEA132300005C500F05C7B /* Resources */,
			);
			buildRules = (
			);
			dependencies = (
				46AEA136300005C500F05C7B /* PBXTargetDependency */,
			);
			fileSystemSynchronizedGroups = (
				46AEA137300005C500F05C7B /* Countdown2BingeUITests */,
			);
			name = Countdown2BingeUITests;
			packageProductDependencies = (
			);
			productName = Countdown2BingeUITests;
			productReference = 46AEA134300005C500F05C7B /* Countdown2BingeUITests.xctest */;
			productType = "com.apple.product-type.bundle.ui-testing";
		};
/* End PBXNativeTarget section */

/* Begin PBXProject section */
		46AEA113300005C300F05C7B /* Project object */ = {
			isa = PBXProject;
			attributes = {
				BuildIndependentTargetsInParallel = 1;
				LastSwiftUpdateCheck = 2660;
				LastUpgradeCheck = 2660;
				TargetAttributes = {
					46AEA11A300005C300F05C7B = {
						CreatedOnToolsVersion = 26.6;
					};
					46AEA129300005C500F05C7B = {
						CreatedOnToolsVersion = 26.6;
						TestTargetID = 46AEA11A300005C300F05C7B;
					};
					46AEA133300005C500F05C7B = {
						CreatedOnToolsVersion = 26.6;
						TestTargetID = 46AEA11A300005C300F05C7B;
					};
				};
			};
			buildConfigurationList = 46AEA116300005C300F05C7B /* Build configuration list for PBXProject "Countdown2Binge" */;
			developmentRegion = en;
			hasScannedForEncodings = 0;
			knownRegions = (
				en,
				Base,
				nl,
				fr,
				tr,
				ko,
				es,
				it,
				ru,
				"zh-Hans",
				th,
				pl,
				ja,
				ar,
				de,
				"pt-BR",
			);
			mainGroup = 46AEA112300005C300F05C7B;
			minimizedProjectReferenceProxies = 1;
			packageReferences = (
				4602CAB530114363001185C9 /* XCRemoteSwiftPackageReference "purchases-ios" */,
				4602CAC730114F62001185C9 /* XCRemoteSwiftPackageReference "firebase-ios-sdk" */,
				4602CAF23014EB59001185C9 /* XCRemoteSwiftPackageReference "YouTubePlayerKit" */,
				4602DC8F30245AF3001185C9 /* XCRemoteSwiftPackageReference "UserSpec" */,
				4602DCB23025880B001185C9 /* XCRemoteSwiftPackageReference "Nuke" */,
			);
			preferredProjectObjectVersion = 77;
			productRefGroup = 46AEA11C300005C300F05C7B /* Products */;
			projectDirPath = "";
			projectRoot = "";
			targets = (
				46AEA11A300005C300F05C7B /* Countdown2Binge */,
				46AEA129300005C500F05C7B /* Countdown2BingeTests */,
				46AEA133300005C500F05C7B /* Countdown2BingeUITests */,
			);
		};
/* End PBXProject section */

/* Begin PBXResourcesBuildPhase section */
		46AEA119300005C300F05C7B /* Resources */ = {
			isa = PBXResourcesBuildPhase;
			buildActionMask = 2147483647;
			files = (
			);
			runOnlyForDeploymentPostprocessing = 0;
		};
		46AEA128300005C500F05C7B /* Resources */ = {
			isa = PBXResourcesBuildPhase;
			buildActionMask = 2147483647;
			files = (
			);
			runOnlyForDeploymentPostprocessing = 0;
		};
		46AEA132300005C500F05C7B /* Resources */ = {
			isa = PBXResourcesBuildPhase;
			buildActionMask = 2147483647;
			files = (
			);
			runOnlyForDeploymentPostprocessing = 0;
		};
/* End PBXResourcesBuildPhase section */

/* Begin PBXSourcesBuildPhase section */
		46AEA117300005C300F05C7B /* Sources */ = {
			isa = PBXSourcesBuildPhase;
			buildActionMask = 2147483647;
			files = (
			);
			runOnlyForDeploymentPostprocessing = 0;
		};
		46AEA126300005C500F05C7B /* Sources */ = {
			isa = PBXSourcesBuildPhase;
			buildActionMask = 2147483647;
			files = (
			);
			runOnlyForDeploymentPostprocessing = 0;
		};
		46AEA130300005C500F05C7B /* Sources */ = {
			isa = PBXSourcesBuildPhase;
			buildActionMask = 2147483647;
			files = (
			);
			runOnlyForDeploymentPostprocessing = 0;
		};
/* End PBXSourcesBuildPhase section */

/* Begin PBXTargetDependency section */
		46AEA12C300005C500F05C7B /* PBXTargetDependency */ = {
			isa = PBXTargetDependency;
			target = 46AEA11A300005C300F05C7B /* Countdown2Binge */;
			targetProxy = 46AEA12B300005C500F05C7B /* PBXContainerItemProxy */;
		};
		46AEA136300005C500F05C7B /* PBXTargetDependency */ = {
			isa = PBXTargetDependency;
			target = 46AEA11A300005C300F05C7B /* Countdown2Binge */;
			targetProxy = 46AEA135300005C500F05C7B /* PBXContainerItemProxy */;
		};
/* End PBXTargetDependency section */

/* Begin XCBuildConfiguration section */
		46AEA13C300005C500F05C7B /* Debug */ = {
			isa = XCBuildConfiguration;
			buildSettings = {
				ALWAYS_SEARCH_USER_PATHS = NO;
				ASSETCATALOG_COMPILER_GENERATE_SWIFT_ASSET_SYMBOL_EXTENSIONS = YES;
				CLANG_ANALYZER_NONNULL = YES;
				CLANG_ANALYZER_NUMBER_OBJECT_CONVERSION = YES_AGGRESSIVE;
				CLANG_CXX_LANGUAGE_STANDARD = "gnu++20";
				CLANG_ENABLE_MODULES = YES;
				CLANG_ENABLE_OBJC_ARC = YES;
				CLANG_ENABLE_OBJC_WEAK = YES;
				CLANG_WARN_BLOCK_CAPTURE_AUTORELEASING = YES;
				CLANG_WARN_BOOL_CONVERSION = YES;
				CLANG_WARN_COMMA = YES;
				CLANG_WARN_CONSTANT_CONVERSION = YES;
				CLANG_WARN_DEPRECATED_OBJC_IMPLEMENTATIONS = YES;
				CLANG_WARN_DIRECT_OBJC_ISA_USAGE = YES_ERROR;
				CLANG_WARN_DOCUMENTATION_COMMENTS = YES;
				CLANG_WARN_EMPTY_BODY = YES;
				CLANG_WARN_ENUM_CONVERSION = YES;
				CLANG_WARN_INFINITE_RECURSION = YES;
				CLANG_WARN_INT_CONVERSION = YES;
				CLANG_WARN_NON_LITERAL_NULL_CONVERSION = YES;
				CLANG_WARN_OBJC_IMPLICIT_RETAIN_SELF = YES;
				CLANG_WARN_OBJC_LITERAL_CONVERSION = YES;
				CLANG_WARN_OBJC_ROOT_CLASS = YES_ERROR;
				CLANG_WARN_QUOTED_INCLUDE_IN_FRAMEWORK_HEADER = YES;
				CLANG_WARN_RANGE_LOOP_ANALYSIS = YES;
				CLANG_WARN_STRICT_PROTOTYPES = YES;
				CLANG_WARN_SUSPICIOUS_MOVE = YES;
				CLANG_WARN_UNGUARDED_AVAILABILITY = YES_AGGRESSIVE;
				CLANG_WARN_UNREACHABLE_CODE = YES;
				CLANG_WARN__DUPLICATE_METHOD_MATCH = YES;
				COPY_PHASE_STRIP = NO;
				DEBUG_INFORMATION_FORMAT = dwarf;
				DEVELOPMENT_TEAM = 6HL93MZ6Z9;
				ENABLE_STRICT_OBJC_MSGSEND = YES;
				ENABLE_TESTABILITY = YES;
				ENABLE_USER_SCRIPT_SANDBOXING = YES;
				GCC_C_LANGUAGE_STANDARD = gnu17;
				GCC_DYNAMIC_NO_PIC = NO;
				GCC_NO_COMMON_BLOCKS = YES;
				GCC_OPTIMIZATION_LEVEL = 0;
				GCC_PREPROCESSOR_DEFINITIONS = (
					"DEBUG=1",
					"$(inherited)",
				);
				GCC_WARN_64_TO_32_BIT_CONVERSION = YES;
				GCC_WARN_ABOUT_RETURN_TYPE = YES_ERROR;
				GCC_WARN_UNDECLARED_SELECTOR = YES;
				GCC_WARN_UNINITIALIZED_AUTOS = YES_AGGRESSIVE;
				GCC_WARN_UNUSED_FUNCTION = YES;
				GCC_WARN_UNUSED_VARIABLE = YES;
				IPHONEOS_DEPLOYMENT_TARGET = 26.5;
				LOCALIZATION_PREFERS_STRING_CATALOGS = YES;
				MTL_ENABLE_DEBUG_INFO = INCLUDE_SOURCE;
				MTL_FAST_MATH = YES;
				ONLY_ACTIVE_ARCH = YES;
				SDKROOT = iphoneos;
				SWIFT_ACTIVE_COMPILATION_CONDITIONS = "DEBUG $(inherited)";
				SWIFT_OPTIMIZATION_LEVEL = "-Onone";
			};
			name = Debug;
		};
		46AEA13D300005C500F05C7B /* Release */ = {
			isa = XCBuildConfiguration;
			buildSettings = {
				ALWAYS_SEARCH_USER_PATHS = NO;
				ASSETCATALOG_COMPILER_GENERATE_SWIFT_ASSET_SYMBOL_EXTENSIONS = YES;
				CLANG_ANALYZER_NONNULL = YES;
				CLANG_ANALYZER_NUMBER_OBJECT_CONVERSION = YES_AGGRESSIVE;
				CLANG_CXX_LANGUAGE_STANDARD = "gnu++20";
				CLANG_ENABLE_MODULES = YES;
				CLANG_ENABLE_OBJC_ARC = YES;
				CLANG_ENABLE_OBJC_WEAK = YES;
				CLANG_WARN_BLOCK_CAPTURE_AUTORELEASING = YES;
				CLANG_WARN_BOOL_CONVERSION = YES;
				CLANG_WARN_COMMA = YES;
				CLANG_WARN_CONSTANT_CONVERSION = YES;
				CLANG_WARN_DEPRECATED_OBJC_IMPLEMENTATIONS = YES;
				CLANG_WARN_DIRECT_OBJC_ISA_USAGE = YES_ERROR;
				CLANG_WARN_DOCUMENTATION_COMMENTS = YES;
				CLANG_WARN_EMPTY_BODY = YES;
				CLANG_WARN_ENUM_CONVERSION = YES;
				CLANG_WARN_INFINITE_RECURSION = YES;
				CLANG_WARN_INT_CONVERSION = YES;
				CLANG_WARN_NON_LITERAL_NULL_CONVERSION = YES;
				CLANG_WARN_OBJC_IMPLICIT_RETAIN_SELF = YES;
				CLANG_WARN_OBJC_LITERAL_CONVERSION = YES;
				CLANG_WARN_OBJC_ROOT_CLASS = YES_ERROR;
				CLANG_WARN_QUOTED_INCLUDE_IN_FRAMEWORK_HEADER = YES;
				CLANG_WARN_RANGE_LOOP_ANALYSIS = YES;
				CLANG_WARN_STRICT_PROTOTYPES = YES;
				CLANG_WARN_SUSPICIOUS_MOVE = YES;
				CLANG_WARN_UNGUARDED_AVAILABILITY = YES_AGGRESSIVE;
				CLANG_WARN_UNREACHABLE_CODE = YES;
				CLANG_WARN__DUPLICATE_METHOD_MATCH = YES;
				COPY_PHASE_STRIP = NO;
				DEBUG_INFORMATION_FORMAT = "dwarf-with-dsym";
				DEVELOPMENT_TEAM = 6HL93MZ6Z9;
				ENABLE_NS_ASSERTIONS = NO;
				ENABLE_STRICT_OBJC_MSGSEND = YES;
				ENABLE_USER_SCRIPT_SANDBOXING = YES;
				GCC_C_LANGUAGE_STANDARD = gnu17;
				GCC_NO_COMMON_BLOCKS = YES;
				GCC_WARN_64_TO_32_BIT_CONVERSION = YES;
				GCC_WARN_ABOUT_RETURN_TYPE = YES_ERROR;
				GCC_WARN_UNDECLARED_SELECTOR = YES;
				GCC_WARN_UNINITIALIZED_AUTOS = YES_AGGRESSIVE;
				GCC_WARN_UNUSED_FUNCTION = YES;
				GCC_WARN_UNUSED_VARIABLE = YES;
				IPHONEOS_DEPLOYMENT_TARGET = 26.5;
				LOCALIZATION_PREFERS_STRING_CATALOGS = YES;
				MTL_ENABLE_DEBUG_INFO = NO;
				MTL_FAST_MATH = YES;
				SDKROOT = iphoneos;
				SWIFT_COMPILATION_MODE = wholemodule;
				VALIDATE_PRODUCT = YES;
			};
			name = Release;
		};
		46AEA13F300005C500F05C7B /* Debug */ = {
			isa = XCBuildConfiguration;
			buildSettings = {
				ASSETCATALOG_COMPILER_APPICON_NAME = AppIcon;
				ASSETCATALOG_COMPILER_GLOBAL_ACCENT_COLOR_NAME = AccentColor;
				CODE_SIGN_ENTITLEMENTS = Countdown2Binge/Countdown2Binge.entitlements;
				CODE_SIGN_STYLE = Automatic;
				CURRENT_PROJECT_VERSION = 36;
				DEVELOPMENT_TEAM = BCKVL9BZPW;
				ENABLE_PREVIEWS = YES;
				GENERATE_INFOPLIST_FILE = YES;
				INFOPLIST_FILE = Countdown2Binge/Info.plist;
				INFOPLIST_KEY_UIApplicationSceneManifest_Generation = YES;
				INFOPLIST_KEY_UIApplicationSupportsIndirectInputEvents = YES;
				INFOPLIST_KEY_UILaunchScreen_Generation = YES;
				INFOPLIST_KEY_UISupportedInterfaceOrientations_iPad = "UIInterfaceOrientationPortrait UIInterfaceOrientationPortraitUpsideDown UIInterfaceOrientationLandscapeLeft UIInterfaceOrientationLandscapeRight";
				INFOPLIST_KEY_UISupportedInterfaceOrientations_iPhone = "UIInterfaceOrientationPortrait UIInterfaceOrientationLandscapeLeft UIInterfaceOrientationLandscapeRight";
				LD_RUNPATH_SEARCH_PATHS = (
					"$(inherited)",
					"@executable_path/Frameworks",
				);
				MARKETING_VERSION = 3.0;
				PRODUCT_BUNDLE_IDENTIFIER = io.DesignToSwiftUI.Countdown2Binge;
				PRODUCT_NAME = "$(TARGET_NAME)";
				STRING_CATALOG_GENERATE_SYMBOLS = YES;
				SUPPORTED_PLATFORMS = "iphoneos iphonesimulator";
				SUPPORTS_MACCATALYST = NO;
				SUPPORTS_MAC_DESIGNED_FOR_IPHONE_IPAD = NO;
				SUPPORTS_XR_DESIGNED_FOR_IPHONE_IPAD = NO;
				SWIFT_APPROACHABLE_CONCURRENCY = YES;
				SWIFT_DEFAULT_ACTOR_ISOLATION = MainActor;
				SWIFT_EMIT_LOC_STRINGS = YES;
				SWIFT_UPCOMING_FEATURE_MEMBER_IMPORT_VISIBILITY = YES;
				SWIFT_VERSION = 5.0;
				TARGETED_DEVICE_FAMILY = 1;
			};
			name = Debug;
		};
		46AEA140300005C500F05C7B /* Release */ = {
			isa = XCBuildConfiguration;
			buildSettings = {
				ASSETCATALOG_COMPILER_APPICON_NAME = AppIcon;
				ASSETCATALOG_COMPILER_GLOBAL_ACCENT_COLOR_NAME = AccentColor;
				CODE_SIGN_ENTITLEMENTS = Countdown2Binge/Countdown2Binge.entitlements;
				CODE_SIGN_STYLE = Automatic;
				CURRENT_PROJECT_VERSION = 36;
				DEVELOPMENT_TEAM = BCKVL9BZPW;
				ENABLE_PREVIEWS = YES;
				GENERATE_INFOPLIST_FILE = YES;
				INFOPLIST_FILE = Countdown2Binge/Info.plist;
				INFOPLIST_KEY_UIApplicationSceneManifest_Generation = YES;
				INFOPLIST_KEY_UIApplicationSupportsIndirectInputEvents = YES;
				INFOPLIST_KEY_UILaunchScreen_Generation = YES;
				INFOPLIST_KEY_UISupportedInterfaceOrientations_iPad = "UIInterfaceOrientationPortrait UIInterfaceOrientationPortraitUpsideDown UIInterfaceOrientationLandscapeLeft UIInterfaceOrientationLandscapeRight";
				INFOPLIST_KEY_UISupportedInterfaceOrientations_iPhone = "UIInterfaceOrientationPortrait UIInterfaceOrientationLandscapeLeft UIInterfaceOrientationLandscapeRight";
				LD_RUNPATH_SEARCH_PATHS = (
					"$(inherited)",
					"@executable_path/Frameworks",
				);
				MARKETING_VERSION = 3.0;
				PRODUCT_BUNDLE_IDENTIFIER = io.DesignToSwiftUI.Countdown2Binge;
				PRODUCT_NAME = "$(TARGET_NAME)";
				STRING_CATALOG_GENERATE_SYMBOLS = YES;
				SUPPORTED_PLATFORMS = "iphoneos iphonesimulator";
				SUPPORTS_MACCATALYST = NO;
				SUPPORTS_MAC_DESIGNED_FOR_IPHONE_IPAD = NO;
				SUPPORTS_XR_DESIGNED_FOR_IPHONE_IPAD = NO;
				SWIFT_APPROACHABLE_CONCURRENCY = YES;
				SWIFT_DEFAULT_ACTOR_ISOLATION = MainActor;
				SWIFT_EMIT_LOC_STRINGS = YES;
				SWIFT_UPCOMING_FEATURE_MEMBER_IMPORT_VISIBILITY = YES;
				SWIFT_VERSION = 5.0;
				TARGETED_DEVICE_FAMILY = 1;
			};
			name = Release;
		};
		46AEA142300005C500F05C7B /* Debug */ = {
			isa = XCBuildConfiguration;
			buildSettings = {
				BUNDLE_LOADER = "$(TEST_HOST)";
				CODE_SIGN_STYLE = Automatic;
				CURRENT_PROJECT_VERSION = 1;
				DEVELOPMENT_TEAM = 6HL93MZ6Z9;
				GENERATE_INFOPLIST_FILE = YES;
				IPHONEOS_DEPLOYMENT_TARGET = 26.5;
				MARKETING_VERSION = 1.0;
				PRODUCT_BUNDLE_IDENTIFIER = io.designtoswiftui.Countdown2BingeTests;
				PRODUCT_NAME = "$(TARGET_NAME)";
				STRING_CATALOG_GENERATE_SYMBOLS = NO;
				SWIFT_APPROACHABLE_CONCURRENCY = YES;
				SWIFT_EMIT_LOC_STRINGS = NO;
				SWIFT_UPCOMING_FEATURE_MEMBER_IMPORT_VISIBILITY = YES;
				SWIFT_VERSION = 5.0;
				TARGETED_DEVICE_FAMILY = "1,2";
				TEST_HOST = "$(BUILT_PRODUCTS_DIR)/Countdown2Binge.app/$(BUNDLE_EXECUTABLE_FOLDER_PATH)/Countdown2Binge";
			};
			name = Debug;
		};
		46AEA143300005C500F05C7B /* Release */ = {
			isa = XCBuildConfiguration;
			buildSettings = {
				BUNDLE_LOADER = "$(TEST_HOST)";
				CODE_SIGN_STYLE = Automatic;
				CURRENT_PROJECT_VERSION = 1;
				DEVELOPMENT_TEAM = 6HL93MZ6Z9;
				GENERATE_INFOPLIST_FILE = YES;
				IPHONEOS_DEPLOYMENT_TARGET = 26.5;
				MARKETING_VERSION = 1.0;
				PRODUCT_BUNDLE_IDENTIFIER = io.designtoswiftui.Countdown2BingeTests;
				PRODUCT_NAME = "$(TARGET_NAME)";
				STRING_CATALOG_GENERATE_SYMBOLS = NO;
				SWIFT_APPROACHABLE_CONCURRENCY = YES;
				SWIFT_EMIT_LOC_STRINGS = NO;
				SWIFT_UPCOMING_FEATURE_MEMBER_IMPORT_VISIBILITY = YES;
				SWIFT_VERSION = 5.0;
				TARGETED_DEVICE_FAMILY = "1,2";
				TEST_HOST = "$(BUILT_PRODUCTS_DIR)/Countdown2Binge.app/$(BUNDLE_EXECUTABLE_FOLDER_PATH)/Countdown2Binge";
			};
			name = Release;
		};
		46AEA145300005C500F05C7B /* Debug */ = {
			isa = XCBuildConfiguration;
			buildSettings = {
				CODE_SIGN_STYLE = Automatic;
				CURRENT_PROJECT_VERSION = 1;
				DEVELOPMENT_TEAM = 6HL93MZ6Z9;
				GENERATE_INFOPLIST_FILE = YES;
				MARKETING_VERSION = 1.0;
				PRODUCT_BUNDLE_IDENTIFIER = io.designtoswiftui.Countdown2BingeUITests;
				PRODUCT_NAME = "$(TARGET_NAME)";
				STRING_CATALOG_GENERATE_SYMBOLS = NO;
				SWIFT_APPROACHABLE_CONCURRENCY = YES;
				SWIFT_EMIT_LOC_STRINGS = NO;
				SWIFT_UPCOMING_FEATURE_MEMBER_IMPORT_VISIBILITY = YES;
				SWIFT_VERSION = 5.0;
				TARGETED_DEVICE_FAMILY = "1,2";
				TEST_TARGET_NAME = Countdown2Binge;
			};
			name = Debug;
		};
		46AEA146300005C500F05C7B /* Release */ = {
			isa = XCBuildConfiguration;
			buildSettings = {
				CODE_SIGN_STYLE = Automatic;
				CURRENT_PROJECT_VERSION = 1;
				DEVELOPMENT_TEAM = 6HL93MZ6Z9;
				GENERATE_INFOPLIST_FILE = YES;
				MARKETING_VERSION = 1.0;
				PRODUCT_BUNDLE_IDENTIFIER = io.designtoswiftui.Countdown2BingeUITests;
				PRODUCT_NAME = "$(TARGET_NAME)";
				STRING_CATALOG_GENERATE_SYMBOLS = NO;
				SWIFT_APPROACHABLE_CONCURRENCY = YES;
				SWIFT_EMIT_LOC_STRINGS = NO;
				SWIFT_UPCOMING_FEATURE_MEMBER_IMPORT_VISIBILITY = YES;
				SWIFT_VERSION = 5.0;
				TARGETED_DEVICE_FAMILY = "1,2";
				TEST_TARGET_NAME = Countdown2Binge;
			};
			name = Release;
		};
/* End XCBuildConfiguration section */

/* Begin XCConfigurationList section */
		46AEA116300005C300F05C7B /* Build configuration list for PBXProject "Countdown2Binge" */ = {
			isa = XCConfigurationList;
			buildConfigurations = (
				46AEA13C300005C500F05C7B /* Debug */,
				46AEA13D300005C500F05C7B /* Release */,
			);
			defaultConfigurationIsVisible = 0;
			defaultConfigurationName = Release;
		};
		46AEA13E300005C500F05C7B /* Build configuration list for PBXNativeTarget "Countdown2Binge" */ = {
			isa = XCConfigurationList;
			buildConfigurations = (
				46AEA13F300005C500F05C7B /* Debug */,
				46AEA140300005C500F05C7B /* Release */,
			);
			defaultConfigurationIsVisible = 0;
			defaultConfigurationName = Release;
		};
		46AEA141300005C500F05C7B /* Build configuration list for PBXNativeTarget "Countdown2BingeTests" */ = {
			isa = XCConfigurationList;
			buildConfigurations = (
				46AEA142300005C500F05C7B /* Debug */,
				46AEA143300005C500F05C7B /* Release */,
			);
			defaultConfigurationIsVisible = 0;
			defaultConfigurationName = Release;
		};
		46AEA144300005C500F05C7B /* Build configuration list for PBXNativeTarget "Countdown2BingeUITests" */ = {
			isa = XCConfigurationList;
			buildConfigurations = (
				46AEA145300005C500F05C7B /* Debug */,
				46AEA146300005C500F05C7B /* Release */,
			);
			defaultConfigurationIsVisible = 0;
			defaultConfigurationName = Release;
		};
/* End XCConfigurationList section */

/* Begin XCRemoteSwiftPackageReference section */
		4602CAB530114363001185C9 /* XCRemoteSwiftPackageReference "purchases-ios" */ = {
			isa = XCRemoteSwiftPackageReference;
			repositoryURL = "https://github.com/RevenueCat/purchases-ios";
			requirement = {
				kind = upToNextMajorVersion;
				minimumVersion = 5.81.1;
			};
		};
		4602CAC730114F62001185C9 /* XCRemoteSwiftPackageReference "firebase-ios-sdk" */ = {
			isa = XCRemoteSwiftPackageReference;
			repositoryURL = "https://github.com/firebase/firebase-ios-sdk";
			requirement = {
				kind = upToNextMajorVersion;
				minimumVersion = 12.16.0;
			};
		};
		4602CAF23014EB59001185C9 /* XCRemoteSwiftPackageReference "YouTubePlayerKit" */ = {
			isa = XCRemoteSwiftPackageReference;
			repositoryURL = "https://github.com/SvenTiigi/YouTubePlayerKit.git";
			requirement = {
				kind = upToNextMajorVersion;
				minimumVersion = 2.0.5;
			};
		};
		4602DC8F30245AF3001185C9 /* XCRemoteSwiftPackageReference "UserSpec" */ = {
			isa = XCRemoteSwiftPackageReference;
			repositoryURL = "https://github.com/thedevme/UserSpec.git";
			requirement = {
				branch = main;
				kind = branch;
			};
		};
		4602DCB23025880B001185C9 /* XCRemoteSwiftPackageReference "Nuke" */ = {
			isa = XCRemoteSwiftPackageReference;
			repositoryURL = "https://github.com/kean/Nuke";
			requirement = {
				kind = upToNextMajorVersion;
				minimumVersion = 13.0.6;
			};
		};
/* End XCRemoteSwiftPackageReference section */

/* Begin XCSwiftPackageProductDependency section */
		4602CAB630114363001185C9 /* ReceiptParser */ = {
			isa = XCSwiftPackageProductDependency;
			package = 4602CAB530114363001185C9 /* XCRemoteSwiftPackageReference "purchases-ios" */;
			productName = ReceiptParser;
		};
		4602CAB830114363001185C9 /* RevenueCat */ = {
			isa = XCSwiftPackageProductDependency;
			package = 4602CAB530114363001185C9 /* XCRemoteSwiftPackageReference "purchases-ios" */;
			productName = RevenueCat;
		};
		4602CABA30114363001185C9 /* RevenueCatUI */ = {
			isa = XCSwiftPackageProductDependency;
			package = 4602CAB530114363001185C9 /* XCRemoteSwiftPackageReference "purchases-ios" */;
			productName = RevenueCatUI;
		};
		4602CAC830114F62001185C9 /* FirebaseDatabase */ = {
			isa = XCSwiftPackageProductDependency;
			package = 4602CAC730114F62001185C9 /* XCRemoteSwiftPackageReference "firebase-ios-sdk" */;
			productName = FirebaseDatabase;
		};
		4602CAF33014EB59001185C9 /* YouTubePlayerKit */ = {
			isa = XCSwiftPackageProductDependency;
			package = 4602CAF23014EB59001185C9 /* XCRemoteSwiftPackageReference "YouTubePlayerKit" */;
			productName = YouTubePlayerKit;
		};
		4602DC9030245AF3001185C9 /* UserSpec */ = {
			isa = XCSwiftPackageProductDependency;
			package = 4602DC8F30245AF3001185C9 /* XCRemoteSwiftPackageReference "UserSpec" */;
			productName = UserSpec;
		};
		4602DCB33025880B001185C9 /* NukeUI */ = {
			isa = XCSwiftPackageProductDependency;
			package = 4602DCB23025880B001185C9 /* XCRemoteSwiftPackageReference "Nuke" */;
			productName = NukeUI;
		};
/* End XCSwiftPackageProductDependency section */
	};
	rootObject = 46AEA113300005C300F05C7B /* Project object */;
}
