// !$*UTF8*$!
{
	archiveVersion = 1;
	classes = {
	};
	objectVersion = 77;
	objects = {

/* Begin PBXBuildFile section */
		46E573F52F1C9DD700401385 /* YouTubePlayerKit in Frameworks */ = {isa = PBXBuildFile; productRef = 46E573F42F1C9DD700401385 /* YouTubePlayerKit */; };
/* End PBXBuildFile section */

/* Begin PBXContainerItemProxy section */
		4685E22F2F13D67A00FBE262 /* PBXContainerItemProxy */ = {
			isa = PBXContainerItemProxy;
			containerPortal = 4685E2172F13D67800FBE262 /* Project object */;
			proxyType = 1;
			remoteGlobalIDString = 4685E21E2F13D67800FBE262;
			remoteInfo = Countdown2Binge;
		};
		4685E2392F13D67A00FBE262 /* PBXContainerItemProxy */ = {
			isa = PBXContainerItemProxy;
			containerPortal = 4685E2172F13D67800FBE262 /* Project object */;
			proxyType = 1;
			remoteGlobalIDString = 4685E21E2F13D67800FBE262;
			remoteInfo = Countdown2Binge;
		};
/* End PBXContainerItemProxy section */

/* Begin PBXFileReference section */
		4685E21F2F13D67800FBE262 /* Countdown2Binge.app */ = {isa = PBXFileReference; explicitFileType = wrapper.application; includeInIndex = 0; path = Countdown2Binge.app; sourceTree = BUILT_PRODUCTS_DIR; };
		4685E22E2F13D67A00FBE262 /* Countdown2BingeTests.xctest */ = {isa = PBXFileReference; explicitFileType = wrapper.cfbundle; includeInIndex = 0; path = Countdown2BingeTests.xctest; sourceTree = BUILT_PRODUCTS_DIR; };
		4685E2382F13D67A00FBE262 /* Countdown2BingeUITests.xctest */ = {isa = PBXFileReference; explicitFileType = wrapper.cfbundle; includeInIndex = 0; path = Countdown2BingeUITests.xctest; sourceTree = BUILT_PRODUCTS_DIR; };
/* End PBXFileReference section */

/* Begin PBXFileSystemSynchronizedRootGroup section */
		4685E2212F13D67800FBE262 /* Countdown2Binge */ = {
			isa = PBXFileSystemSynchronizedRootGroup;
			path = Countdown2Binge;
			sourceTree = "<group>";
		};
		4685E2312F13D67A00FBE262 /* Countdown2BingeTests */ = {
			isa = PBXFileSystemSynchronizedRootGroup;
			path = Countdown2BingeTests;
			sourceTree = "<group>";
		};
		4685E23B2F13D67A00FBE262 /* Countdown2BingeUITests */ = {
			isa = PBXFileSystemSynchronizedRootGroup;
			path = Countdown2BingeUITests;
			sourceTree = "<group>";
		};
/* End PBXFileSystemSynchronizedRootGroup section */

/* Begin PBXFrameworksBuildPhase section */
		4685E21C2F13D67800FBE262 /* Frameworks */ = {
			isa = PBXFrameworksBuildPhase;
			buildActionMask = 2147483647;
			files = (
				46E573F52F1C9DD700401385 /* YouTubePlayerKit in Frameworks */,
			);
			runOnlyForDeploymentPostprocessing = 0;
		};
		4685E22B2F13D67A00FBE262 /* Frameworks */ = {
			isa = PBXFrameworksBuildPhase;
			buildActionMask = 2147483647;
			files = (
			);
			runOnlyForDeploymentPostprocessing = 0;
		};
		4685E2352F13D67A00FBE262 /* Frameworks */ = {
			isa = PBXFrameworksBuildPhase;
			buildActionMask = 2147483647;
			files = (
			);
			runOnlyForDeploymentPostprocessing = 0;
		};
/* End PBXFrameworksBuildPhase section */

/* Begin PBXGroup section */
		4685E2162F13D67800FBE262 = {
			isa = PBXGroup;
			children = (
				4685E2212F13D67800FBE262 /* Countdown2Binge */,
				4685E2312F13D67A00FBE262 /* Countdown2BingeTests */,
				4685E23B2F13D67A00FBE262 /* Countdown2BingeUITests */,
				4685E2202F13D67800FBE262 /* Products */,
			);
			sourceTree = "<group>";
		};
		4685E2202F13D67800FBE262 /* Products */ = {
			isa = PBXGroup;
			children = (
				4685E21F2F13D67800FBE262 /* Countdown2Binge.app */,
				4685E22E2F13D67A00FBE262 /* Countdown2BingeTests.xctest */,
				4685E2382F13D67A00FBE262 /* Countdown2BingeUITests.xctest */,
			);
			name = Products;
			sourceTree = "<group>";
		};
/* End PBXGroup section */

/* Begin PBXNativeTarget section */
		4685E21E2F13D67800FBE262 /* Countdown2Binge */ = {
			isa = PBXNativeTarget;
			buildConfigurationList = 4685E2422F13D67A00FBE262 /* Build configuration list for PBXNativeTarget "Countdown2Binge" */;
			buildPhases = (
				4685E21B2F13D67800FBE262 /* Sources */,
				4685E21C2F13D67800FBE262 /* Frameworks */,
				4685E21D2F13D67800FBE262 /* Resources */,
			);
			buildRules = (
			);
			dependencies = (
			);
			fileSystemSynchronizedGroups = (
				4685E2212F13D67800FBE262 /* Countdown2Binge */,
			);
			name = Countdown2Binge;
			packageProductDependencies = (
				46E573F42F1C9DD700401385 /* YouTubePlayerKit */,
			);
			productName = Countdown2Binge;
			productReference = 4685E21F2F13D67800FBE262 /* Countdown2Binge.app */;
			productType = "com.apple.product-type.application";
		};
		4685E22D2F13D67A00FBE262 /* Countdown2BingeTests */ = {
			isa = PBXNativeTarget;
			buildConfigurationList = 4685E2452F13D67A00FBE262 /* Build configuration list for PBXNativeTarget "Countdown2BingeTests" */;
			buildPhases = (
				4685E22A2F13D67A00FBE262 /* Sources */,
				4685E22B2F13D67A00FBE262 /* Frameworks */,
				4685E22C2F13D67A00FBE262 /* Resources */,
			);
			buildRules = (
			);
			dependencies = (
				4685E2302F13D67A00FBE262 /* PBXTargetDependency */,
			);
			fileSystemSynchronizedGroups = (
				4685E2312F13D67A00FBE262 /* Countdown2BingeTests */,
			);
			name = Countdown2BingeTests;
			packageProductDependencies = (
			);
			productName = Countdown2BingeTests;
			productReference = 4685E22E2F13D67A00FBE262 /* Countdown2BingeTests.xctest */;
			productType = "com.apple.product-type.bundle.unit-test";
		};
		4685E2372F13D67A00FBE262 /* Countdown2BingeUITests */ = {
			isa = PBXNativeTarget;
			buildConfigurationList = 4685E2482F13D67A00FBE262 /* Build configuration list for PBXNativeTarget "Countdown2BingeUITests" */;
			buildPhases = (
				4685E2342F13D67A00FBE262 /* Sources */,
				4685E2352F13D67A00FBE262 /* Frameworks */,
				4685E2362F13D67A00FBE262 /* Resources */,
			);
			buildRules = (
			);
			dependencies = (
				4685E23A2F13D67A00FBE262 /* PBXTargetDependency */,
			);
			fileSystemSynchronizedGroups = (
				4685E23B2F13D67A00FBE262 /* Countdown2BingeUITests */,
			);
			name = Countdown2BingeUITests;
			packageProductDependencies = (
			);
			productName = Countdown2BingeUITests;
			productReference = 4685E2382F13D67A00FBE262 /* Countdown2BingeUITests.xctest */;
			productType = "com.apple.product-type.bundle.ui-testing";
		};
/* End PBXNativeTarget section */

/* Begin PBXProject section */
		4685E2172F13D67800FBE262 /* Project object */ = {
			isa = PBXProject;
			attributes = {
				BuildIndependentTargetsInParallel = 1;
				LastSwiftUpdateCheck = 2620;
				LastUpgradeCheck = 2620;
				TargetAttributes = {
					4685E21E2F13D67800FBE262 = {
						CreatedOnToolsVersion = 26.2;
					};
					4685E22D2F13D67A00FBE262 = {
						CreatedOnToolsVersion = 26.2;
						TestTargetID = 4685E21E2F13D67800FBE262;
					};
					4685E2372F13D67A00FBE262 = {
						CreatedOnToolsVersion = 26.2;
						TestTargetID = 4685E21E2F13D67800FBE262;
					};
				};
			};
			buildConfigurationList = 4685E21A2F13D67800FBE262 /* Build configuration list for PBXProject "Countdown2Binge" */;
			developmentRegion = en;
			hasScannedForEncodings = 0;
			knownRegions = (
				en,
				Base,
			);
			mainGroup = 4685E2162F13D67800FBE262;
			minimizedProjectReferenceProxies = 1;
			packageReferences = (
				46E573F32F1C9DD700401385 /* XCRemoteSwiftPackageReference "YouTubePlayerKit" */,
			);
			preferredProjectObjectVersion = 77;
			productRefGroup = 4685E2202F13D67800FBE262 /* Products */;
			projectDirPath = "";
			projectRoot = "";
			targets = (
				4685E21E2F13D67800FBE262 /* Countdown2Binge */,
				4685E22D2F13D67A00FBE262 /* Countdown2BingeTests */,
				4685E2372F13D67A00FBE262 /* Countdown2BingeUITests */,
			);
		};
/* End PBXProject section */

/* Begin PBXResourcesBuildPhase section */
		4685E21D2F13D67800FBE262 /* Resources */ = {
			isa = PBXResourcesBuildPhase;
			buildActionMask = 2147483647;
			files = (
			);
			runOnlyForDeploymentPostprocessing = 0;
		};
		4685E22C2F13D67A00FBE262 /* Resources */ = {
			isa = PBXResourcesBuildPhase;
			buildActionMask = 2147483647;
			files = (
			);
			runOnlyForDeploymentPostprocessing = 0;
		};
		4685E2362F13D67A00FBE262 /* Resources */ = {
			isa = PBXResourcesBuildPhase;
			buildActionMask = 2147483647;
			files = (
			);
			runOnlyForDeploymentPostprocessing = 0;
		};
/* End PBXResourcesBuildPhase section */

/* Begin PBXSourcesBuildPhase section */
		4685E21B2F13D67800FBE262 /* Sources */ = {
			isa = PBXSourcesBuildPhase;
			buildActionMask = 2147483647;
			files = (
			);
			runOnlyForDeploymentPostprocessing = 0;
		};
		4685E22A2F13D67A00FBE262 /* Sources */ = {
			isa = PBXSourcesBuildPhase;
			buildActionMask = 2147483647;
			files = (
			);
			runOnlyForDeploymentPostprocessing = 0;
		};
		4685E2342F13D67A00FBE262 /* Sources */ = {
			isa = PBXSourcesBuildPhase;
			buildActionMask = 2147483647;
			files = (
			);
			runOnlyForDeploymentPostprocessing = 0;
		};
/* End PBXSourcesBuildPhase section */

/* Begin PBXTargetDependency section */
		4685E2302F13D67A00FBE262 /* PBXTargetDependency */ = {
			isa = PBXTargetDependency;
			target = 4685E21E2F13D67800FBE262 /* Countdown2Binge */;
			targetProxy = 4685E22F2F13D67A00FBE262 /* PBXContainerItemProxy */;
		};
		4685E23A2F13D67A00FBE262 /* PBXTargetDependency */ = {
			isa = PBXTargetDependency;
			target = 4685E21E2F13D67800FBE262 /* Countdown2Binge */;
			targetProxy = 4685E2392F13D67A00FBE262 /* PBXContainerItemProxy */;
		};
/* End PBXTargetDependency section */

/* Begin XCBuildConfiguration section */
		4685E2402F13D67A00FBE262 /* Debug */ = {
			isa = XCBuildConfiguration;
			buildSettings = {
				ALWAYS_SEARCH_USER_PATHS = NO;
				ASSETCATALOG_COMPILER_GENERATE_SWIFT_ASSET_SYMBOL_EXTENSIONS = YES;
				CLANG_ANALYZER_NONNULL = YES;
				CLANG_ANALYZER_NUMBER_OBJECT_CONVERSION = YES_AGGRESSIVE;
				CLANG_CXX_LANGUAGE_STANDARD = "gnu++20";
				CLANG_ENABLE_MODULES = YES;
				CLANG_ENABLE_OBJC_ARC = YES;
				CLANG_ENABLE_OBJC_WEAK = YES;
				CLANG_WARN_BLOCK_CAPTURE_AUTORELEASING = YES;
				CLANG_WARN_BOOL_CONVERSION = YES;
				CLANG_WARN_COMMA = YES;
				CLANG_WARN_CONSTANT_CONVERSION = YES;
				CLANG_WARN_DEPRECATED_OBJC_IMPLEMENTATIONS = YES;
				CLANG_WARN_DIRECT_OBJC_ISA_USAGE = YES_ERROR;
				CLANG_WARN_DOCUMENTATION_COMMENTS = YES;
				CLANG_WARN_EMPTY_BODY = YES;
				CLANG_WARN_ENUM_CONVERSION = YES;
				CLANG_WARN_INFINITE_RECURSION = YES;
				CLANG_WARN_INT_CONVERSION = YES;
				CLANG_WARN_NON_LITERAL_NULL_CONVERSION = YES;
				CLANG_WARN_OBJC_IMPLICIT_RETAIN_SELF = YES;
				CLANG_WARN_OBJC_LITERAL_CONVERSION = YES;
				CLANG_WARN_OBJC_ROOT_CLASS = YES_ERROR;
				CLANG_WARN_QUOTED_INCLUDE_IN_FRAMEWORK_HEADER = YES;
				CLANG_WARN_RANGE_LOOP_ANALYSIS = YES;
				CLANG_WARN_STRICT_PROTOTYPES = YES;
				CLANG_WARN_SUSPICIOUS_MOVE = YES;
				CLANG_WARN_UNGUARDED_AVAILABILITY = YES_AGGRESSIVE;
				CLANG_WARN_UNREACHABLE_CODE = YES;
				CLANG_WARN__DUPLICATE_METHOD_MATCH = YES;
				COPY_PHASE_STRIP = NO;
				DEBUG_INFORMATION_FORMAT = dwarf;
				DEVELOPMENT_TEAM = 6HL93MZ6Z9;
				ENABLE_STRICT_OBJC_MSGSEND = YES;
				ENABLE_TESTABILITY = YES;
				ENABLE_USER_SCRIPT_SANDBOXING = YES;
				GCC_C_LANGUAGE_STANDARD = gnu17;
				GCC_DYNAMIC_NO_PIC = NO;
				GCC_NO_COMMON_BLOCKS = YES;
				GCC_OPTIMIZATION_LEVEL = 0;
				GCC_PREPROCESSOR_DEFINITIONS = (
					"DEBUG=1",
					"$(inherited)",
				);
				GCC_WARN_64_TO_32_BIT_CONVERSION = YES;
				GCC_WARN_ABOUT_RETURN_TYPE = YES_ERROR;
				GCC_WARN_UNDECLARED_SELECTOR = YES;
				GCC_WARN_UNINITIALIZED_AUTOS = YES_AGGRESSIVE;
				GCC_WARN_UNUSED_FUNCTION = YES;
				GCC_WARN_UNUSED_VARIABLE = YES;
				IPHONEOS_DEPLOYMENT_TARGET = 26.2;
				LOCALIZATION_PREFERS_STRING_CATALOGS = YES;
				MTL_ENABLE_DEBUG_INFO = INCLUDE_SOURCE;
				MTL_FAST_MATH = YES;
				ONLY_ACTIVE_ARCH = YES;
				SDKROOT = iphoneos;
				STRING_CATALOG_GENERATE_SYMBOLS = YES;
				SWIFT_ACTIVE_COMPILATION_CONDITIONS = "DEBUG $(inherited)";
				SWIFT_OPTIMIZATION_LEVEL = "-Onone";
			};
			name = Debug;
		};
		4685E2412F13D67A00FBE262 /* Release */ = {
			isa = XCBuildConfiguration;
			buildSettings = {
				ALWAYS_SEARCH_USER_PATHS = NO;
				ASSETCATALOG_COMPILER_GENERATE_SWIFT_ASSET_SYMBOL_EXTENSIONS = YES;
				CLANG_ANALYZER_NONNULL = YES;
				CLANG_ANALYZER_NUMBER_OBJECT_CONVERSION = YES_AGGRESSIVE;
				CLANG_CXX_LANGUAGE_STANDARD = "gnu++20";
				CLANG_ENABLE_MODULES = YES;
				CLANG_ENABLE_OBJC_ARC = YES;
				CLANG_ENABLE_OBJC_WEAK = YES;
				CLANG_WARN_BLOCK_CAPTURE_AUTORELEASING = YES;
				CLANG_WARN_BOOL_CONVERSION = YES;
				CLANG_WARN_COMMA = YES;
				CLANG_WARN_CONSTANT_CONVERSION = YES;
				CLANG_WARN_DEPRECATED_OBJC_IMPLEMENTATIONS = YES;
				CLANG_WARN_DIRECT_OBJC_ISA_USAGE = YES_ERROR;
				CLANG_WARN_DOCUMENTATION_COMMENTS = YES;
				CLANG_WARN_EMPTY_BODY = YES;
				CLANG_WARN_ENUM_CONVERSION = YES;
				CLANG_WARN_INFINITE_RECURSION = YES;
				CLANG_WARN_INT_CONVERSION = YES;
				CLANG_WARN_NON_LITERAL_NULL_CONVERSION = YES;
				CLANG_WARN_OBJC_IMPLICIT_RETAIN_SELF = YES;
				CLANG_WARN_OBJC_LITERAL_CONVERSION = YES;
				CLANG_WARN_OBJC_ROOT_CLASS = YES_ERROR;
				CLANG_WARN_QUOTED_INCLUDE_IN_FRAMEWORK_HEADER = YES;
				CLANG_WARN_RANGE_LOOP_ANALYSIS = YES;
				CLANG_WARN_STRICT_PROTOTYPES = YES;
				CLANG_WARN_SUSPICIOUS_MOVE = YES;
				CLANG_WARN_UNGUARDED_AVAILABILITY = YES_AGGRESSIVE;
				CLANG_WARN_UNREACHABLE_CODE = YES;
				CLANG_WARN__DUPLICATE_METHOD_MATCH = YES;
				COPY_PHASE_STRIP = NO;
				DEBUG_INFORMATION_FORMAT = "dwarf-with-dsym";
				DEVELOPMENT_TEAM = 6HL93MZ6Z9;
				ENABLE_NS_ASSERTIONS = NO;
				ENABLE_STRICT_OBJC_MSGSEND = YES;
				ENABLE_USER_SCRIPT_SANDBOXING = YES;
				GCC_C_LANGUAGE_STANDARD = gnu17;
				GCC_NO_COMMON_BLOCKS = YES;
				GCC_WARN_64_TO_32_BIT_CONVERSION = YES;
				GCC_WARN_ABOUT_RETURN_TYPE = YES_ERROR;
				GCC_WARN_UNDECLARED_SELECTOR = YES;
				GCC_WARN_UNINITIALIZED_AUTOS = YES_AGGRESSIVE;
				GCC_WARN_UNUSED_FUNCTION = YES;
				GCC_WARN_UNUSED_VARIABLE = YES;
				IPHONEOS_DEPLOYMENT_TARGET = 26.2;
				LOCALIZATION_PREFERS_STRING_CATALOGS = YES;
				MTL_ENABLE_DEBUG_INFO = NO;
				MTL_FAST_MATH = YES;
				SDKROOT = iphoneos;
				STRING_CATALOG_GENERATE_SYMBOLS = YES;
				SWIFT_COMPILATION_MODE = wholemodule;
				VALIDATE_PRODUCT = YES;
			};
			name = Release;
		};
		4685E2432F13D67A00FBE262 /* Debug */ = {
			isa = XCBuildConfiguration;
			buildSettings = {
				ASSETCATALOG_COMPILER_APPICON_NAME = AppIcon;
				ASSETCATALOG_COMPILER_GLOBAL_ACCENT_COLOR_NAME = AccentColor;
				CODE_SIGN_STYLE = Automatic;
				CURRENT_PROJECT_VERSION = 23;
				DEVELOPMENT_TEAM = BCKVL9BZPW;
				ENABLE_PREVIEWS = YES;
				GENERATE_INFOPLIST_FILE = YES;
				INFOPLIST_FILE = Info.plist;
				INFOPLIST_KEY_ITSAppUsesNonExemptEncryption = NO;
				INFOPLIST_KEY_UIApplicationSceneManifest_Generation = YES;
				INFOPLIST_KEY_UIApplicationSupportsIndirectInputEvents = YES;
				INFOPLIST_KEY_UILaunchScreen_Generation = YES;
				INFOPLIST_KEY_UISupportedInterfaceOrientations = UIInterfaceOrientationPortrait;
				INFOPLIST_KEY_UISupportedInterfaceOrientations_iPad = "UIInterfaceOrientationLandscapeLeft UIInterfaceOrientationLandscapeRight UIInterfaceOrientationPortrait UIInterfaceOrientationPortraitUpsideDown";
				IPHONEOS_DEPLOYMENT_TARGET = 26.0;
				LD_RUNPATH_SEARCH_PATHS = (
					"$(inherited)",
					"@executable_path/Frameworks",
				);
				MARKETING_VERSION = 2.0.4;
				PRODUCT_BUNDLE_IDENTIFIER = io.DesignToSwiftUI.Countdown2Binge;
				PRODUCT_NAME = "$(TARGET_NAME)";
				STRING_CATALOG_GENERATE_SYMBOLS = YES;
				SWIFT_APPROACHABLE_CONCURRENCY = YES;
				SWIFT_DEFAULT_ACTOR_ISOLATION = MainActor;
				SWIFT_EMIT_LOC_STRINGS = YES;
				SWIFT_UPCOMING_FEATURE_MEMBER_IMPORT_VISIBILITY = YES;
				SWIFT_VERSION = 5.0;
				TARGETED_DEVICE_FAMILY = "1,2";
			};
			name = Debug;
		};
		4685E2442F13D67A00FBE262 /* Release */ = {
			isa = XCBuildConfiguration;
			buildSettings = {
				ASSETCATALOG_COMPILER_APPICON_NAME = AppIcon;
				ASSETCATALOG_COMPILER_GLOBAL_ACCENT_COLOR_NAME = AccentColor;
				CODE_SIGN_STYLE = Automatic;
				CURRENT_PROJECT_VERSION = 23;
				DEVELOPMENT_TEAM = BCKVL9BZPW;
				ENABLE_PREVIEWS = YES;
				GENERATE_INFOPLIST_FILE = YES;
				INFOPLIST_FILE = Info.plist;
				INFOPLIST_KEY_ITSAppUsesNonExemptEncryption = NO;
				INFOPLIST_KEY_UIApplicationSceneManifest_Generation = YES;
				INFOPLIST_KEY_UIApplicationSupportsIndirectInputEvents = YES;
				INFOPLIST_KEY_UILaunchScreen_Generation = YES;
				INFOPLIST_KEY_UISupportedInterfaceOrientations = UIInterfaceOrientationPortrait;
				INFOPLIST_KEY_UISupportedInterfaceOrientations_iPad = "UIInterfaceOrientationLandscapeLeft UIInterfaceOrientationLandscapeRight UIInterfaceOrientationPortrait UIInterfaceOrientationPortraitUpsideDown";
				IPHONEOS_DEPLOYMENT_TARGET = 26.0;
				LD_RUNPATH_SEARCH_PATHS = (
					"$(inherited)",
					"@executable_path/Frameworks",
				);
				MARKETING_VERSION = 2.0.4;
				PRODUCT_BUNDLE_IDENTIFIER = io.DesignToSwiftUI.Countdown2Binge;
				PRODUCT_NAME = "$(TARGET_NAME)";
				STRING_CATALOG_GENERATE_SYMBOLS = YES;
				SWIFT_APPROACHABLE_CONCURRENCY = YES;
				SWIFT_DEFAULT_ACTOR_ISOLATION = MainActor;
				SWIFT_EMIT_LOC_STRINGS = YES;
				SWIFT_UPCOMING_FEATURE_MEMBER_IMPORT_VISIBILITY = YES;
				SWIFT_VERSION = 5.0;
				TARGETED_DEVICE_FAMILY = "1,2";
			};
			name = Release;
		};
		4685E2462F13D67A00FBE262 /* Debug */ = {
			isa = XCBuildConfiguration;
			buildSettings = {
				BUNDLE_LOADER = "$(TEST_HOST)";
				CODE_SIGN_STYLE = Automatic;
				CURRENT_PROJECT_VERSION = 23;
				DEVELOPMENT_TEAM = 6HL93MZ6Z9;
				GENERATE_INFOPLIST_FILE = YES;
				IPHONEOS_DEPLOYMENT_TARGET = 26.2;
				MARKETING_VERSION = 2.0.0;
				PRODUCT_BUNDLE_IDENTIFIER = io.designtoswiftui.Countdown2BingeTests;
				PRODUCT_NAME = "$(TARGET_NAME)";
				STRING_CATALOG_GENERATE_SYMBOLS = NO;
				SWIFT_APPROACHABLE_CONCURRENCY = YES;
				SWIFT_EMIT_LOC_STRINGS = NO;
				SWIFT_UPCOMING_FEATURE_MEMBER_IMPORT_VISIBILITY = YES;
				SWIFT_VERSION = 5.0;
				TARGETED_DEVICE_FAMILY = "1,2";
				TEST_HOST = "$(BUILT_PRODUCTS_DIR)/Countdown2Binge.app/$(BUNDLE_EXECUTABLE_FOLDER_PATH)/Countdown2Binge";
			};
			name = Debug;
		};
		4685E2472F13D67A00FBE262 /* Release */ = {
			isa = XCBuildConfiguration;
			buildSettings = {
				BUNDLE_LOADER = "$(TEST_HOST)";
				CODE_SIGN_STYLE = Automatic;
				CURRENT_PROJECT_VERSION = 23;
				DEVELOPMENT_TEAM = 6HL93MZ6Z9;
				GENERATE_INFOPLIST_FILE = YES;
				IPHONEOS_DEPLOYMENT_TARGET = 26.2;
				MARKETING_VERSION = 2.0.0;
				PRODUCT_BUNDLE_IDENTIFIER = io.designtoswiftui.Countdown2BingeTests;
				PRODUCT_NAME = "$(TARGET_NAME)";
				STRING_CATALOG_GENERATE_SYMBOLS = NO;
				SWIFT_APPROACHABLE_CONCURRENCY = YES;
				SWIFT_EMIT_LOC_STRINGS = NO;
				SWIFT_UPCOMING_FEATURE_MEMBER_IMPORT_VISIBILITY = YES;
				SWIFT_VERSION = 5.0;
				TARGETED_DEVICE_FAMILY = "1,2";
				TEST_HOST = "$(BUILT_PRODUCTS_DIR)/Countdown2Binge.app/$(BUNDLE_EXECUTABLE_FOLDER_PATH)/Countdown2Binge";
			};
			name = Release;
		};
		4685E2492F13D67A00FBE262 /* Debug */ = {
			isa = XCBuildConfiguration;
			buildSettings = {
				CODE_SIGN_STYLE = Automatic;
				CURRENT_PROJECT_VERSION = 23;
				DEVELOPMENT_TEAM = 6HL93MZ6Z9;
				GENERATE_INFOPLIST_FILE = YES;
				MARKETING_VERSION = 2.0.0;
				PRODUCT_BUNDLE_IDENTIFIER = io.designtoswiftui.Countdown2BingeUITests;
				PRODUCT_NAME = "$(TARGET_NAME)";
				STRING_CATALOG_GENERATE_SYMBOLS = NO;
				SWIFT_APPROACHABLE_CONCURRENCY = YES;
				SWIFT_EMIT_LOC_STRINGS = NO;
				SWIFT_UPCOMING_FEATURE_MEMBER_IMPORT_VISIBILITY = YES;
				SWIFT_VERSION = 5.0;
				TARGETED_DEVICE_FAMILY = "1,2";
				TEST_TARGET_NAME = Countdown2Binge;
			};
			name = Debug;
		};
		4685E24A2F13D67A00FBE262 /* Release */ = {
			isa = XCBuildConfiguration;
			buildSettings = {
				CODE_SIGN_STYLE = Automatic;
				CURRENT_PROJECT_VERSION = 23;
				DEVELOPMENT_TEAM = 6HL93MZ6Z9;
				GENERATE_INFOPLIST_FILE = YES;
				MARKETING_VERSION = 2.0.0;
				PRODUCT_BUNDLE_IDENTIFIER = io.designtoswiftui.Countdown2BingeUITests;
				PRODUCT_NAME = "$(TARGET_NAME)";
				STRING_CATALOG_GENERATE_SYMBOLS = NO;
				SWIFT_APPROACHABLE_CONCURRENCY = YES;
				SWIFT_EMIT_LOC_STRINGS = NO;
				SWIFT_UPCOMING_FEATURE_MEMBER_IMPORT_VISIBILITY = YES;
				SWIFT_VERSION = 5.0;
				TARGETED_DEVICE_FAMILY = "1,2";
				TEST_TARGET_NAME = Countdown2Binge;
			};
			name = Release;
		};
/* End XCBuildConfiguration section */

/* Begin XCConfigurationList section */
		4685E21A2F13D67800FBE262 /* Build configuration list for PBXProject "Countdown2Binge" */ = {
			isa = XCConfigurationList;
			buildConfigurations = (
				4685E2402F13D67A00FBE262 /* Debug */,
				4685E2412F13D67A00FBE262 /* Release */,
			);
			defaultConfigurationIsVisible = 0;
			defaultConfigurationName = Release;
		};
		4685E2422F13D67A00FBE262 /* Build configuration list for PBXNativeTarget "Countdown2Binge" */ = {
			isa = XCConfigurationList;
			buildConfigurations = (
				4685E2432F13D67A00FBE262 /* Debug */,
				4685E2442F13D67A00FBE262 /* Release */,
			);
			defaultConfigurationIsVisible = 0;
			defaultConfigurationName = Release;
		};
		4685E2452F13D67A00FBE262 /* Build configuration list for PBXNativeTarget "Countdown2BingeTests" */ = {
			isa = XCConfigurationList;
			buildConfigurations = (
				4685E2462F13D67A00FBE262 /* Debug */,
				4685E2472F13D67A00FBE262 /* Release */,
			);
			defaultConfigurationIsVisible = 0;
			defaultConfigurationName = Release;
		};
		4685E2482F13D67A00FBE262 /* Build configuration list for PBXNativeTarget "Countdown2BingeUITests" */ = {
			isa = XCConfigurationList;
			buildConfigurations = (
				4685E2492F13D67A00FBE262 /* Debug */,
				4685E24A2F13D67A00FBE262 /* Release */,
			);
			defaultConfigurationIsVisible = 0;
			defaultConfigurationName = Release;
		};
/* End XCConfigurationList section */

/* Begin XCRemoteSwiftPackageReference section */
		46E573F32F1C9DD700401385 /* XCRemoteSwiftPackageReference "YouTubePlayerKit" */ = {
			isa = XCRemoteSwiftPackageReference;
			repositoryURL = "https://github.com/SvenTiigi/YouTubePlayerKit.git";
			requirement = {
				kind = upToNextMajorVersion;
				minimumVersion = 2.0.5;
			};
		};
/* End XCRemoteSwiftPackageReference section */

/* Begin XCSwiftPackageProductDependency section */
		46E573F42F1C9DD700401385 /* YouTubePlayerKit */ = {
			isa = XCSwiftPackageProductDependency;
			package = 46E573F32F1C9DD700401385 /* XCRemoteSwiftPackageReference "YouTubePlayerKit" */;
			productName = YouTubePlayerKit;
		};
/* End XCSwiftPackageProductDependency section */
	};
	rootObject = 4685E2172F13D67800FBE262 /* Project object */;
}
